// !$*UTF8*$!
{
	archiveVersion = 1;
	classes = {
	};
	objectVersion = 50;
	objects = {

/* Begin PBXBuildFile section */
		D98F777725A5BA56009D0EE1 /* LocalNotificationManager.swift in Sources */ = {isa = PBXBuildFile; fileRef = D98F777625A5BA56009D0EE1 /* LocalNotificationManager.swift */; };
		D9A7F3EA25A2FE68001DA33C /* AppDelegate.swift in Sources */ = {isa = PBXBuildFile; fileRef = D9A7F3E925A2FE68001DA33C /* AppDelegate.swift */; };
		D9A7F3EC25A2FE68001DA33C /* SceneDelegate.swift in Sources */ = {isa = PBXBuildFile; fileRef = D9A7F3EB25A2FE68001DA33C /* SceneDelegate.swift */; };
		D9A7F3EE25A2FE68001DA33C /* ToDoItemViewController.swift in Sources */ = {isa = PBXBuildFile; fileRef = D9A7F3ED25A2FE68001DA33C /* ToDoItemViewController.swift */; };
		D9A7F3F125A2FE68001DA33C /* Main.storyboard in Resources */ = {isa = PBXBuildFile; fileRef = D9A7F3EF25A2FE68001DA33C /* Main.storyboard */; };
		D9A7F3F325A2FE6E001DA33C /* Assets.xcassets in Resources */ = {isa = PBXBuildFile; fileRef = D9A7F3F225A2FE6E001DA33C /* Assets.xcassets */; };
		D9A7F3F625A2FE6E001DA33C /* LaunchScreen.storyboard in Resources */ = {isa = PBXBuildFile; fileRef = D9A7F3F425A2FE6E001DA33C /* LaunchScreen.storyboard */; };
		D9A7F3FF25A3025B001DA33C /* ToDoItemTableViewCell.swift in Sources */ = {isa = PBXBuildFile; fileRef = D9A7F3FE25A3025B001DA33C /* ToDoItemTableViewCell.swift */; };
		D9A7F40325A306C9001DA33C /* ToDoListTableViewController.swift in Sources */ = {isa = PBXBuildFile; fileRef = D9A7F40225A306C9001DA33C /* ToDoListTableViewController.swift */; };
		D9A7F40725A308FC001DA33C /* ToDoItem.swift in Sources */ = {isa = PBXBuildFile; fileRef = D9A7F40625A308FC001DA33C /* ToDoItem.swift */; };
/* End PBXBuildFile section */

/* Begin PBXFileReference section */
		D98F777625A5BA56009D0EE1 /* LocalNotificationManager.swift */ = {isa = PBXFileReference; lastKnownFileType = sourcecode.swift; path = LocalNotificationManager.swift; sourceTree = "<group>"; };
		D9A7F3E625A2FE67001DA33C /* todoapp.app */ = {isa = PBXFileReference; explicitFileType = wrapper.application; includeInIndex = 0; path = todoapp.app; sourceTree = BUILT_PRODUCTS_DIR; };
		D9A7F3E925A2FE68001DA33C /* AppDelegate.swift */ = {isa = PBXFileReference; lastKnownFileType = sourcecode.swift; path = AppDelegate.swift; sourceTree = "<group>"; };
		D9A7F3EB25A2FE68001DA33C /* SceneDelegate.swift */ = {isa = PBXFileReference; lastKnownFileType = sourcecode.swift; path = SceneDelegate.swift; sourceTree = "<group>"; };
		D9A7F3ED25A2FE68001DA33C /* ToDoItemViewController.swift */ = {isa = PBXFileReference; lastKnownFileType = sourcecode.swift; path = ToDoItemViewController.swift; sourceTree = "<group>"; };
		D9A7F3F025A2FE68001DA33C /* Base */ = {isa = PBXFileReference; lastKnownFileType = file.storyboard; name = Base; path = Base.lproj/Main.storyboard; sourceTree = "<group>"; };
		D9A7F3F225A2FE6E001DA33C /* Assets.xcassets */ = {isa = PBXFileReference; lastKnownFileType = folder.assetcatalog; path = Assets.xcassets; sourceTree = "<group>"; };
		D9A7F3F525A2FE6E001DA33C /* Base */ = {isa = PBXFileReference; lastKnownFileType = file.storyboard; name = Base; path = Base.lproj/LaunchScreen.storyboard; sourceTree = "<group>"; };
		D9A7F3F725A2FE6E001DA33C /* Info.plist */ = {isa = PBXFileReference; lastKnownFileType = text.plist.xml; path = Info.plist; sourceTree = "<group>"; };
		D9A7F3FE25A3025B001DA33C /* ToDoItemTableViewCell.swift */ = {isa = PBXFileReference; lastKnownFileType = sourcecode.swift; path = ToDoItemTableViewCell.swift; sourceTree = "<group>"; };
		D9A7F40225A306C9001DA33C /* ToDoListTableViewController.swift */ = {isa = PBXFileReference; lastKnownFileType = sourcecode.swift; path = ToDoListTableViewController.swift; sourceTree = "<group>"; };
		D9A7F40625A308FC001DA33C /* ToDoItem.swift */ = {isa = PBXFileReference; lastKnownFileType = sourcecode.swift; path = ToDoItem.swift; sourceTree = "<group>"; };
/* End PBXFileReference section */

/* Begin PBXFrameworksBuildPhase section */
		D9A7F3E325A2FE67001DA33C /* Frameworks */ = {
			isa = PBXFrameworksBuildPhase;
			buildActionMask = 2147483647;
			files = (
			);
			runOnlyForDeploymentPostprocessing = 0;
		};
/* End PBXFrameworksBuildPhase section */

/* Begin PBXGroup section */
		D9A7F3DD25A2FE67001DA33C = {
			isa = PBXGroup;
			children = (
				D9A7F3E825A2FE67001DA33C /* todoapp */,
				D9A7F3E725A2FE67001DA33C /* Products */,
			);
			sourceTree = "<group>";
		};
		D9A7F3E725A2FE67001DA33C /* Products */ = {
			isa = PBXGroup;
			children = (
				D9A7F3E625A2FE67001DA33C /* todoapp.app */,
			);
			name = Products;
			sourceTree = "<group>";
		};
		D9A7F3E825A2FE67001DA33C /* todoapp */ = {
			isa = PBXGroup;
			children = (
				D9A7F40225A306C9001DA33C /* ToDoListTableViewController.swift */,
				D9A7F3E925A2FE68001DA33C /* AppDelegate.swift */,
				D9A7F3EB25A2FE68001DA33C /* SceneDelegate.swift */,
				D9A7F3ED25A2FE68001DA33C /* ToDoItemViewController.swift */,
				D9A7F3FE25A3025B001DA33C /* ToDoItemTableViewCell.swift */,
				D9A7F40625A308FC001DA33C /* ToDoItem.swift */,
				D98F777625A5BA56009D0EE1 /* LocalNotificationManager.swift */,
				D9A7F3EF25A2FE68001DA33C /* Main.storyboard */,
				D9A7F3F225A2FE6E001DA33C /* Assets.xcassets */,
				D9A7F3F425A2FE6E001DA33C /* LaunchScreen.storyboard */,
				D9A7F3F725A2FE6E001DA33C /* Info.plist */,
			);
			path = todoapp;
			sourceTree = "<group>";
		};
/* End PBXGroup section */

/* Begin PBXNativeTarget section */
		D9A7F3E525A2FE67001DA33C /* todoapp */ = {
			isa = PBXNativeTarget;
			buildConfigurationList = D9A7F3FA25A2FE6E001DA33C /* Build configuration list for PBXNativeTarget "todoapp" */;
			buildPhases = (
				D9A7F3E225A2FE67001DA33C /* Sources */,
				D9A7F3E325A2FE67001DA33C /* Frameworks */,
				D9A7F3E425A2FE67001DA33C /* Resources */,
			);
			buildRules = (
			);
			dependencies = (
			);
			name = todoapp;
			productName = todoapp;
			productReference = D9A7F3E625A2FE67001DA33C /* todoapp.app */;
			productType = "com.apple.product-type.application";
		};
/* End PBXNativeTarget section */

/* Begin PBXProject section */
		D9A7F3DE25A2FE67001DA33C /* Project object */ = {
			isa = PBXProject;
			attributes = {
				LastSwiftUpdateCheck = 1230;
				LastUpgradeCheck = 1230;
				TargetAttributes = {
					D9A7F3E525A2FE67001DA33C = {
						CreatedOnToolsVersion = 12.3;
					};
				};
			};
			buildConfigurationList = D9A7F3E125A2FE67001DA33C /* Build configuration list for PBXProject "todoapp" */;
			compatibilityVersion = "Xcode 9.3";
			developmentRegion = en;
			hasScannedForEncodings = 0;
			knownRegions = (
				en,
				Base,
			);
			mainGroup = D9A7F3DD25A2FE67001DA33C;
			productRefGroup = D9A7F3E725A2FE67001DA33C /* Products */;
			projectDirPath = "";
			projectRoot = "";
			targets = (
				D9A7F3E525A2FE67001DA33C /* todoapp */,
			);
		};
/* End PBXProject section */

/* Begin PBXResourcesBuildPhase section */
		D9A7F3E425A2FE67001DA33C /* Resources */ = {
			isa = PBXResourcesBuildPhase;
			buildActionMask = 2147483647;
			files = (
				D9A7F3F625A2FE6E001DA33C /* LaunchScreen.storyboard in Resources */,
				D9A7F3F325A2FE6E001DA33C /* Assets.xcassets in Resources */,
				D9A7F3F125A2FE68001DA33C /* Main.storyboard in Resources */,
			);
			runOnlyForDeploymentPostprocessing = 0;
		};
/* End PBXResourcesBuildPhase section */

/* Begin PBXSourcesBuildPhase section */
		D9A7F3E225A2FE67001DA33C /* Sources */ = {
			isa = PBXSourcesBuildPhase;
			buildActionMask = 2147483647;
			files = (
				D98F777725A5BA56009D0EE1 /* LocalNotificationManager.swift in Sources */,
				D9A7F3EE25A2FE68001DA33C /* ToDoItemViewController.swift in Sources */,
				D9A7F40325A306C9001DA33C /* ToDoListTableViewController.swift in Sources */,
				D9A7F40725A308FC001DA33C /* ToDoItem.swift in Sources */,
				D9A7F3EA25A2FE68001DA33C /* AppDelegate.swift in Sources */,
				D9A7F3FF25A3025B001DA33C /* ToDoItemTableViewCell.swift in Sources */,
				D9A7F3EC25A2FE68001DA33C /* SceneDelegate.swift in Sources */,
			);
			runOnlyForDeploymentPostprocessing = 0;
		};
/* End PBXSourcesBuildPhase section */

/* Begin PBXVariantGroup section */
		D9A7F3EF25A2FE68001DA33C /* Main.storyboard */ = {
			isa = PBXVariantGroup;
			children = (
				D9A7F3F025A2FE68001DA33C /* Base */,
			);
			name = Main.storyboard;
			sourceTree = "<group>";
		};
		D9A7F3F425A2FE6E001DA33C /* LaunchScreen.storyboard */ = {
			isa = PBXVariantGroup;
			children = (
				D9A7F3F525A2FE6E001DA33C /* Base */,
			);
			name = LaunchScreen.storyboard;
			sourceTree = "<group>";
		};
/* End PBXVariantGroup section */

/* Begin XCBuildConfiguration section */
		D9A7F3F825A2FE6E001DA33C /* Debug */ = {
			isa = XCBuildConfiguration;
			buildSettings = {
				ALWAYS_SEARCH_USER_PATHS = NO;
				CLANG_ANALYZER_NONNULL = YES;
				CLANG_ANALYZER_NUMBER_OBJECT_CONVERSION = YES_AGGRESSIVE;
				CLANG_CXX_LANGUAGE_STANDARD = "gnu++14";
				CLANG_CXX_LIBRARY = "libc++";
				CLANG_ENABLE_MODULES = YES;
				CLANG_ENABLE_OBJC_ARC = YES;
				CLANG_ENABLE_OBJC_WEAK = YES;
				CLANG_WARN_BLOCK_CAPTURE_AUTORELEASING = YES;
				CLANG_WARN_BOOL_CONVERSION = YES;
				CLANG_WARN_COMMA = YES;
				CLANG_WARN_CONSTANT_CONVERSION = YES;
				CLANG_WARN_DEPRECATED_OBJC_IMPLEMENTATIONS = YES;
				CLANG_WARN_DIRECT_OBJC_ISA_USAGE = YES_ERROR;
				CLANG_WARN_DOCUMENTATION_COMMENTS = YES;
				CLANG_WARN_EMPTY_BODY = YES;
				CLANG_WARN_ENUM_CONVERSION = YES;
				CLANG_WARN_INFINITE_RECURSION = YES;
				CLANG_WARN_INT_CONVERSION = YES;
				CLANG_WARN_NON_LITERAL_NULL_CONVERSION = YES;
				CLANG_WARN_OBJC_IMPLICIT_RETAIN_SELF = YES;
				CLANG_WARN_OBJC_LITERAL_CONVERSION = YES;
				CLANG_WARN_OBJC_ROOT_CLASS = YES_ERROR;
				CLANG_WARN_QUOTED_INCLUDE_IN_FRAMEWORK_HEADER = YES;
				CLANG_WARN_RANGE_LOOP_ANALYSIS = YES;
				CLANG_WARN_STRICT_PROTOTYPES = YES;
				CLANG_WARN_SUSPICIOUS_MOVE = YES;
				CLANG_WARN_UNGUARDED_AVAILABILITY = YES_AGGRESSIVE;
				CLANG_WARN_UNREACHABLE_CODE = YES;
				CLANG_WARN__DUPLICATE_METHOD_MATCH = YES;
				COPY_PHASE_STRIP = NO;
				DEBUG_INFORMATION_FORMAT = dwarf;
				ENABLE_STRICT_OBJC_MSGSEND = YES;
				ENABLE_TESTABILITY = YES;
				GCC_C_LANGUAGE_STANDARD = gnu11;
				GCC_DYNAMIC_NO_PIC = NO;
				GCC_NO_COMMON_BLOCKS = YES;
				GCC_OPTIMIZATION_LEVEL = 0;
				GCC_PREPROCESSOR_DEFINITIONS = (
					"DEBUG=1",
					"$(inherited)",
				);
				GCC_WARN_64_TO_32_BIT_CONVERSION = YES;
				GCC_WARN_ABOUT_RETURN_TYPE = YES_ERROR;
				GCC_WARN_UNDECLARED_SELECTOR = YES;
				GCC_WARN_UNINITIALIZED_AUTOS = YES_AGGRESSIVE;
				GCC_WARN_UNUSED_FUNCTION = YES;
				GCC_WARN_UNUSED_VARIABLE = YES;
				IPHONEOS_DEPLOYMENT_TARGET = 14.3;
				MTL_ENABLE_DEBUG_INFO = INCLUDE_SOURCE;
				MTL_FAST_MATH = YES;
				ONLY_ACTIVE_ARCH = YES;
				SDKROOT = iphoneos;
				SWIFT_ACTIVE_COMPILATION_CONDITIONS = DEBUG;
				SWIFT_OPTIMIZATION_LEVEL = "-Onone";
			};
			name = Debug;
		};
		D9A7F3F925A2FE6E001DA33C /* Release */ = {
			isa = XCBuildConfiguration;
			buildSettings = {
				ALWAYS_SEARCH_USER_PATHS = NO;
				CLANG_ANALYZER_NONNULL = YES;
				CLANG_ANALYZER_NUMBER_OBJECT_CONVERSION = YES_AGGRESSIVE;
				CLANG_CXX_LANGUAGE_STANDARD = "gnu++14";
				CLANG_CXX_LIBRARY = "libc++";
				CLANG_ENABLE_MODULES = YES;
				CLANG_ENABLE_OBJC_ARC = YES;
				CLANG_ENABLE_OBJC_WEAK = YES;
				CLANG_WARN_BLOCK_CAPTURE_AUTORELEASING = YES;
				CLANG_WARN_BOOL_CONVERSION = YES;
				CLANG_WARN_COMMA = YES;
				CLANG_WARN_CONSTANT_CONVERSION = YES;
				CLANG_WARN_DEPRECATED_OBJC_IMPLEMENTATIONS = YES;
				CLANG_WARN_DIRECT_OBJC_ISA_USAGE = YES_ERROR;
				CLANG_WARN_DOCUMENTATION_COMMENTS = YES;
				CLANG_WARN_EMPTY_BODY = YES;
				CLANG_WARN_ENUM_CONVERSION = YES;
				CLANG_WARN_INFINITE_RECURSION = YES;
				CLANG_WARN_INT_CONVERSION = YES;
				CLANG_WARN_NON_LITERAL_NULL_CONVERSION = YES;
				CLANG_WARN_OBJC_IMPLICIT_RETAIN_SELF = YES;
				CLANG_WARN_OBJC_LITERAL_CONVERSION = YES;
				CLANG_WARN_OBJC_ROOT_CLASS = YES_ERROR;
				CLANG_WARN_QUOTED_INCLUDE_IN_FRAMEWORK_HEADER = YES;
				CLANG_WARN_RANGE_LOOP_ANALYSIS = YES;
				CLANG_WARN_STRICT_PROTOTYPES = YES;
				CLANG_WARN_SUSPICIOUS_MOVE = YES;
				CLANG_WARN_UNGUARDED_AVAILABILITY = YES_AGGRESSIVE;
				CLANG_WARN_UNREACHABLE_CODE = YES;
				CLANG_WARN__DUPLICATE_METHOD_MATCH = YES;
				COPY_PHASE_STRIP = NO;
				DEBUG_INFORMATION_FORMAT = "dwarf-with-dsym";
				ENABLE_NS_ASSERTIONS = NO;
				ENABLE_STRICT_OBJC_MSGSEND = YES;
				GCC_C_LANGUAGE_STANDARD = gnu11;
				GCC_NO_COMMON_BLOCKS = YES;
				GCC_WARN_64_TO_32_BIT_CONVERSION = YES;
				GCC_WARN_ABOUT_RETURN_TYPE = YES_ERROR;
				GCC_WARN_UNDECLARED_SELECTOR = YES;
				GCC_WARN_UNINITIALIZED_AUTOS = YES_AGGRESSIVE;
				GCC_WARN_UNUSED_FUNCTION = YES;
				GCC_WARN_UNUSED_VARIABLE = YES;
				IPHONEOS_DEPLOYMENT_TARGET = 14.3;
				MTL_ENABLE_DEBUG_INFO = NO;
				MTL_FAST_MATH = YES;
				SDKROOT = iphoneos;
				SWIFT_COMPILATION_MODE = wholemodule;
				SWIFT_OPTIMIZATION_LEVEL = "-O";
				VALIDATE_PRODUCT = YES;
			};
			name = Release;
		};
		D9A7F3FB25A2FE6E001DA33C /* Debug */ = {
			isa = XCBuildConfiguration;
			buildSettings = {
				ASSETCATALOG_COMPILER_APPICON_NAME = AppIcon;
				ASSETCATALOG_COMPILER_GLOBAL_ACCENT_COLOR_NAME = AccentColor;
				CODE_SIGN_STYLE = Automatic;
				DEVELOPMENT_TEAM = WJUL2YM2QG;
				INFOPLIST_FILE = todoapp/Info.plist;
				LD_RUNPATH_SEARCH_PATHS = (
					"$(inherited)",
					"@executable_path/Frameworks",
				);
				PRODUCT_BUNDLE_IDENTIFIER = sampang.todoapp;
				PRODUCT_NAME = "$(TARGET_NAME)";
				SWIFT_VERSION = 5.0;
				TARGETED_DEVICE_FAMILY = "1,2";
			};
			name = Debug;
		};
		D9A7F3FC25A2FE6E001DA33C /* Release */ = {
			isa = XCBuildConfiguration;
			buildSettings = {
				ASSETCATALOG_COMPILER_APPICON_NAME = AppIcon;
				ASSETCATALOG_COMPILER_GLOBAL_ACCENT_COLOR_NAME = AccentColor;
				CODE_SIGN_STYLE = Automatic;
				DEVELOPMENT_TEAM = WJUL2YM2QG;
				INFOPLIST_FILE = todoapp/Info.plist;
				LD_RUNPATH_SEARCH_PATHS = (
					"$(inherited)",
					"@executable_path/Frameworks",
				);
				PRODUCT_BUNDLE_IDENTIFIER = sampang.todoapp;
				PRODUCT_NAME = "$(TARGET_NAME)";
				SWIFT_VERSION = 5.0;
				TARGETED_DEVICE_FAMILY = "1,2";
			};
			name = Release;
		};
/* End XCBuildConfiguration section */

/* Begin XCConfigurationList section */
		D9A7F3E125A2FE67001DA33C /* Build configuration list for PBXProject "todoapp" */ = {
			isa = XCConfigurationList;
			buildConfigurations = (
				D9A7F3F825A2FE6E001DA33C /* Debug */,
				D9A7F3F925A2FE6E001DA33C /* Release */,
			);
			defaultConfigurationIsVisible = 0;
			defaultConfigurationName = Release;
		};
		D9A7F3FA25A2FE6E001DA33C /* Build configuration list for PBXNativeTarget "todoapp" */ = {
			isa = XCConfigurationList;
			buildConfigurations = (
				D9A7F3FB25A2FE6E001DA33C /* Debug */,
				D9A7F3FC25A2FE6E001DA33C /* Release */,
			);
			defaultConfigurationIsVisible = 0;
			defaultConfigurationName = Release;
		};
/* End XCConfigurationList section */
	};
	rootObject = D9A7F3DE25A2FE67001DA33C /* Project object */;
}
